
Microsoft Visual Studio Solution File, Format Version 12.00
# Visual Studio Version 17
VisualStudioVersion = 17.8.34511.84
MinimumVisualStudioVersion = 10.0.40219.1
Project("{FAE04EC0-301F-11D3-BF4B-00C04F79EFBC}") = "giay", "giay\giay.csproj", "{97EC8C5A-5D90-4EEF-A0B6-EE9381331ED7}"
EndProject
Global
	GlobalSection(SolutionConfigurationPlatforms) = preSolution
		Debug|Any CPU = Debug|Any CPU
		Release|Any CPU = Release|Any CPU
	EndGlobalSection
	GlobalSection(ProjectConfigurationPlatforms) = postSolution
		{97EC8C5A-5D90-4EEF-A0B6-EE9381331ED7}.Debug|Any CPU.ActiveCfg = Debug|Any CPU
		{97EC8C5A-5D90-4EEF-A0B6-EE9381331ED7}.Debug|Any CPU.Build.0 = Debug|Any CPU
		{97EC8C5A-5D90-4EEF-A0B6-EE9381331ED7}.Release|Any CPU.ActiveCfg = Release|Any CPU
		{97EC8C5A-5D90-4EEF-A0B6-EE9381331ED7}.Release|Any CPU.Build.0 = Release|Any CPU
	EndGlobalSection
	GlobalSection(SolutionProperties) = preSolution
		HideSolutionNode = FALSE
	EndGlobalSection
	GlobalSection(ExtensibilityGlobals) = postSolution
		SolutionGuid = {27362B67-1EA5-499A-B896-356BBAFE7401}
	EndGlobalSection
EndGlobal
